
Microsoft Visual Studio Solution File, Format Version 12.00
# Visual Studio Version 16
VisualStudioVersion = 16.0.30711.63
MinimumVisualStudioVersion = 10.0.40219.1
Project("{FAE04EC0-301F-11D3-BF4B-00C04F79EFBC}") = "ProductService", "ProductService.csproj", "{040CF412-3BD3-4913-9FEF-D84CC6F1CF9D}"
EndProject
Global
	GlobalSection(SolutionConfigurationPlatforms) = preSolution
		Debug|Any CPU = Debug|Any CPU
		Release|Any CPU = Release|Any CPU
	EndGlobalSection
	GlobalSection(ProjectConfigurationPlatforms) = postSolution
		{040CF412-3BD3-4913-9FEF-D84CC6F1CF9D}.Debug|Any CPU.ActiveCfg = Debug|Any CPU
		{040CF412-3BD3-4913-9FEF-D84CC6F1CF9D}.Debug|Any CPU.Build.0 = Debug|Any CPU
		{040CF412-3BD3-4913-9FEF-D84CC6F1CF9D}.Release|Any CPU.ActiveCfg = Release|Any CPU
		{040CF412-3BD3-4913-9FEF-D84CC6F1CF9D}.Release|Any CPU.Build.0 = Release|Any CPU
	EndGlobalSection
	GlobalSection(SolutionProperties) = preSolution
		HideSolutionNode = FALSE
	EndGlobalSection
	GlobalSection(ExtensibilityGlobals) = postSolution
		SolutionGuid = {BF2B7A60-90FD-42EA-B001-ABF5EF86DF59}
	EndGlobalSection
EndGlobal
